[[package]]
name = "appnope"
sections = ["dev"]
version = "0.1.2"
marker = "sys_platform == 'darwin'"
summary = "Disable App Nap on macOS >= 10.9"

[[package]]
name = "atomicwrites"
sections = ["dev"]
version = "1.4.0"
marker = "sys_platform == 'win32'"
summary = "Atomic file writes."

[[package]]
name = "attrs"
sections = ["dev"]
version = "20.3.0"
summary = "Classes Without Boilerplate"

[[package]]
name = "backcall"
sections = ["dev"]
version = "0.2.0"
summary = "Specifications for callback functions passed in to an API"

[[package]]
name = "certifi"
sections = ["default", "dev"]
version = "2020.12.5"
summary = "Python package for providing Mozilla's CA Bundle."

[[package]]
name = "chardet"
sections = ["dev"]
version = "4.0.0"
summary = "Universal encoding detector for Python 2 and 3"

[[package]]
name = "colorama"
sections = ["dev"]
version = "0.4.4"
marker = "sys_platform == 'win32'"
summary = "Cross-platform colored terminal text."

[[package]]
name = "cycler"
sections = ["dev"]
version = "0.10.0"
summary = "Composable style cycles"
dependencies = [
    "six",
]

[[package]]
name = "datajoint"
sections = ["dev"]
version = "0.12.8"
summary = "A relational data pipeline framework."
dependencies = [
    "numpy",
    "pymysql>=0.7.2",
    "pyparsing",
    "ipython",
    "pandas",
    "tqdm",
    "networkx",
    "pydot",
    "minio>=7.0.0",
    "matplotlib",
]

[[package]]
name = "decorator"
sections = ["dev"]
version = "4.4.2"
summary = "Decorators for Humans"

[[package]]
name = "docker"
sections = ["dev"]
version = "4.4.1"
summary = "A Python library for the Docker Engine API."
dependencies = [
    "six>=1.4.0",
    "websocket-client>=0.32.0",
    "requests!=2.18.0,>=2.14.2",
    "pywin32==227; sys_platform == \"win32\"",
]

[[package]]
name = "idna"
sections = ["dev"]
version = "2.10"
summary = "Internationalized Domain Names in Applications (IDNA)"

[[package]]
name = "iniconfig"
sections = ["dev"]
version = "1.1.1"
summary = "iniconfig: brain-dead simple config-ini parsing"

[[package]]
name = "ipython"
sections = ["dev"]
version = "7.19.0"
summary = "IPython: Productive Interactive Computing"
dependencies = [
    "setuptools>=18.5",
    "jedi>=0.10",
    "decorator",
    "pickleshare",
    "traitlets>=4.2",
    "prompt-toolkit!=3.0.0,!=3.0.1,<3.1.0,>=2.0.0",
    "pygments",
    "backcall",
    "pexpect>4.3; sys_platform != \"win32\"",
    "appnope; sys_platform == \"darwin\"",
    "colorama; sys_platform == \"win32\"",
]

[[package]]
name = "ipython-genutils"
sections = ["dev"]
version = "0.2.0"
summary = "Vestigial utilities from IPython"

[[package]]
name = "jedi"
sections = ["dev"]
version = "0.17.2"
summary = "An autocompletion tool for Python that can be used for text editors."
dependencies = [
    "parso<0.8.0,>=0.7.0",
]

[[package]]
name = "kiwisolver"
sections = ["dev"]
version = "1.3.1"
summary = "A fast implementation of the Cassowary constraint solver"

[[package]]
name = "matplotlib"
sections = ["dev"]
version = "3.3.3"
summary = "Python plotting package"
dependencies = [
    "cycler>=0.10",
    "kiwisolver>=1.0.1",
    "numpy>=1.15",
    "pillow>=6.2.0",
    "pyparsing!=2.0.4,!=2.1.2,!=2.1.6,>=2.0.3",
    "python-dateutil>=2.1",
]

[[package]]
name = "minio"
sections = ["default", "dev"]
version = "7.0.1"
summary = "MinIO Python SDK for Amazon S3 Compatible Cloud Storage"
dependencies = [
    "certifi",
    "urllib3",
]

[[package]]
name = "networkx"
sections = ["dev"]
version = "2.5"
summary = "Python package for creating and manipulating graphs and networks"
dependencies = [
    "decorator>=4.3.0",
]

[[package]]
name = "numpy"
sections = ["dev"]
version = "1.19.5"
summary = "NumPy is the fundamental package for array computing with Python."

[[package]]
name = "packaging"
sections = ["dev"]
version = "20.8"
summary = "Core utilities for Python packages"
dependencies = [
    "pyparsing>=2.0.2",
]

[[package]]
name = "pandas"
sections = ["dev"]
version = "1.2.1"
summary = "Powerful data structures for data analysis, time series, and statistics"
dependencies = [
    "python-dateutil>=2.7.3",
    "pytz>=2017.3",
    "numpy>=1.16.5",
]

[[package]]
name = "parso"
sections = ["dev"]
version = "0.7.1"
summary = "A Python Parser"

[[package]]
name = "pexpect"
sections = ["dev"]
version = "4.8.0"
marker = "sys_platform != 'win32'"
summary = "Pexpect allows easy control of interactive console applications."
dependencies = [
    "ptyprocess>=0.5",
]

[[package]]
name = "pickleshare"
sections = ["dev"]
version = "0.7.5"
summary = "Tiny 'shelve'-like database with concurrency support"

[[package]]
name = "pillow"
sections = ["dev"]
version = "8.1.0"
summary = "Python Imaging Library (Fork)"

[[package]]
name = "pluggy"
sections = ["dev"]
version = "0.13.1"
summary = "plugin and hook calling mechanisms for python"

[[package]]
name = "prompt-toolkit"
sections = ["dev"]
version = "3.0.14"
summary = "Library for building powerful interactive command lines in Python"
dependencies = [
    "wcwidth",
]

[[package]]
name = "ptyprocess"
sections = ["dev"]
version = "0.7.0"
marker = "sys_platform != 'win32'"
summary = "Run a subprocess in a pseudo terminal"

[[package]]
name = "py"
sections = ["dev"]
version = "1.10.0"
summary = "library with cross-python path, ini-parsing, io, code, log facilities"

[[package]]
name = "pydot"
sections = ["dev"]
version = "1.4.1"
summary = "Python interface to Graphviz's Dot"
dependencies = [
    "pyparsing>=2.1.4",
]

[[package]]
name = "pygments"
sections = ["dev"]
version = "2.7.4"
summary = "Pygments is a syntax highlighting package written in Python."

[[package]]
name = "pymysql"
sections = ["default", "dev"]
version = "1.0.2"
summary = "Pure Python MySQL Driver"

[[package]]
name = "pyparsing"
sections = ["dev"]
version = "2.4.7"
summary = "Python parsing module"

[[package]]
name = "pytest"
sections = ["dev"]
version = "6.2.2"
summary = "pytest: simple powerful testing with Python"
dependencies = [
    "attrs>=19.2.0",
    "iniconfig",
    "packaging",
    "pluggy<1.0.0a1,>=0.12",
    "py>=1.8.2",
    "toml",
    "atomicwrites>=1.0; sys_platform == \"win32\"",
    "colorama; sys_platform == \"win32\"",
]

[[package]]
name = "python-dateutil"
sections = ["dev"]
version = "2.8.1"
summary = "Extensions to the standard Python datetime module"
dependencies = [
    "six>=1.5",
]

[[package]]
name = "python-jsonrpc-server"
sections = ["dev"]
version = "0.4.0"
summary = "JSON RPC 2.0 server library"
dependencies = [
    "ujson>=3.0.0",
]

[[package]]
name = "python-language-server"
sections = ["dev"]
version = "0.36.2"
summary = "Python Language Server for the Language Server Protocol"
dependencies = [
    "jedi<0.18.0,>=0.17.2",
    "python-jsonrpc-server>=0.4.0",
    "pluggy",
    "ujson>=3.0.0; python_version > \"3\"",
]

[[package]]
name = "pytz"
sections = ["dev"]
version = "2020.5"
summary = "World timezone definitions, modern and historical"

[[package]]
name = "pywin32"
sections = ["dev"]
version = "227"
marker = "sys_platform == 'win32'"
summary = "Python for Window Extensions"

[[package]]
name = "requests"
sections = ["dev"]
version = "2.25.1"
summary = "Python HTTP for Humans."
dependencies = [
    "chardet<5,>=3.0.2",
    "idna<3,>=2.5",
    "urllib3<1.27,>=1.21.1",
    "certifi>=2017.4.17",
]

[[package]]
name = "setuptools"
sections = ["dev"]
version = "52.0.0"
summary = "Easily download, build, install, upgrade, and uninstall Python packages"

[[package]]
name = "six"
sections = ["dev"]
version = "1.15.0"
summary = "Python 2 and 3 compatibility utilities"

[[package]]
name = "toml"
sections = ["dev"]
version = "0.10.2"
summary = "Python Library for Tom's Obvious, Minimal Language"

[[package]]
name = "tqdm"
sections = ["dev"]
version = "4.56.0"
summary = "Fast, Extensible Progress Meter"

[[package]]
name = "traitlets"
sections = ["dev"]
version = "5.0.5"
summary = "Traitlets Python configuration system"
dependencies = [
    "ipython-genutils",
]

[[package]]
name = "ujson"
sections = ["dev"]
version = "4.0.2"
summary = "Ultra fast JSON encoder and decoder for Python"

[[package]]
name = "urllib3"
sections = ["default", "dev"]
version = "1.26.3"
summary = "HTTP library with thread-safe connection pooling, file post, and more."

[[package]]
name = "wcwidth"
sections = ["dev"]
version = "0.2.5"
summary = "Measures the displayed width of unicode strings in a terminal"

[[package]]
name = "websocket-client"
sections = ["dev"]
version = "0.57.0"
summary = "WebSocket client for Python. hybi13 is supported."
dependencies = [
    "six",
]

[metadata]
lock_version = "2"
content_hash = "sha256:418c68da4379a77a48af104df704a72e1be9c3249cd71ceb8203a21ed9929cb8"

[metadata.files]
"appnope 0.1.2" = [
    {file = "appnope-0.1.2-py2.py3-none-any.whl", hash = "sha256:93aa393e9d6c54c5cd570ccadd8edad61ea0c4b9ea7a01409020c9aa019eb442"},
    {file = "appnope-0.1.2.tar.gz", hash = "sha256:dd83cd4b5b460958838f6eb3000c660b1f9caf2a5b1de4264e941512f603258a"},
]
"atomicwrites 1.4.0" = [
    {file = "atomicwrites-1.4.0-py2.py3-none-any.whl", hash = "sha256:6d1784dea7c0c8d4a5172b6c620f40b6e4cbfdf96d783691f2e1302a7b88e197"},
    {file = "atomicwrites-1.4.0.tar.gz", hash = "sha256:ae70396ad1a434f9c7046fd2dd196fc04b12f9e91ffb859164193be8b6168a7a"},
]
"attrs 20.3.0" = [
    {file = "attrs-20.3.0-py2.py3-none-any.whl", hash = "sha256:31b2eced602aa8423c2aea9c76a724617ed67cf9513173fd3a4f03e3a929c7e6"},
    {file = "attrs-20.3.0.tar.gz", hash = "sha256:832aa3cde19744e49938b91fea06d69ecb9e649c93ba974535d08ad92164f700"},
]
"backcall 0.2.0" = [
    {file = "backcall-0.2.0-py2.py3-none-any.whl", hash = "sha256:fbbce6a29f263178a1f7915c1940bde0ec2b2a967566fe1c65c1dfb7422bd255"},
    {file = "backcall-0.2.0.tar.gz", hash = "sha256:5cbdbf27be5e7cfadb448baf0aa95508f91f2bbc6c6437cd9cd06e2a4c215e1e"},
]
"certifi 2020.12.5" = [
    {file = "certifi-2020.12.5-py2.py3-none-any.whl", hash = "sha256:719a74fb9e33b9bd44cc7f3a8d94bc35e4049deebe19ba7d8e108280cfd59830"},
    {file = "certifi-2020.12.5.tar.gz", hash = "sha256:1a4995114262bffbc2413b159f2a1a480c969de6e6eb13ee966d470af86af59c"},
]
"chardet 4.0.0" = [
    {file = "chardet-4.0.0-py2.py3-none-any.whl", hash = "sha256:f864054d66fd9118f2e67044ac8981a54775ec5b67aed0441892edb553d21da5"},
    {file = "chardet-4.0.0.tar.gz", hash = "sha256:0d6f53a15db4120f2b08c94f11e7d93d2c911ee118b6b30a04ec3ee8310179fa"},
]
"colorama 0.4.4" = [
    {file = "colorama-0.4.4-py2.py3-none-any.whl", hash = "sha256:9f47eda37229f68eee03b24b9748937c7dc3868f906e8ba69fbcbdd3bc5dc3e2"},
    {file = "colorama-0.4.4.tar.gz", hash = "sha256:5941b2b48a20143d2267e95b1c2a7603ce057ee39fd88e7329b0c292aa16869b"},
]
"cycler 0.10.0" = [
    {file = "cycler-0.10.0-py2.py3-none-any.whl", hash = "sha256:1d8a5ae1ff6c5cf9b93e8811e581232ad8920aeec647c37316ceac982b08cb2d"},
    {file = "cycler-0.10.0.tar.gz", hash = "sha256:cd7b2d1018258d7247a71425e9f26463dfb444d411c39569972f4ce586b0c9d8"},
]
"datajoint 0.12.8" = [
    {file = "datajoint-0.12.8-py3-none-any.whl", hash = "sha256:63e2cf819c08444a5c98792fc8a5ffcebb9b0e50b34d3d569f43b4b2573b422b"},
    {file = "datajoint-0.12.8.tar.gz", hash = "sha256:2e6068915f840ee0375cc166cdb4266aeeef1ad714c6cea81340a8a5f7db411d"},
]
"decorator 4.4.2" = [
    {file = "decorator-4.4.2-py2.py3-none-any.whl", hash = "sha256:41fa54c2a0cc4ba648be4fd43cff00aedf5b9465c9bf18d64325bc225f08f760"},
    {file = "decorator-4.4.2.tar.gz", hash = "sha256:e3a62f0520172440ca0dcc823749319382e377f37f140a0b99ef45fecb84bfe7"},
]
"docker 4.4.1" = [
    {file = "docker-4.4.1-py2.py3-none-any.whl", hash = "sha256:e455fa49aabd4f22da9f4e1c1f9d16308286adc60abaf64bf3e1feafaed81d06"},
    {file = "docker-4.4.1.tar.gz", hash = "sha256:0604a74719d5d2de438753934b755bfcda6f62f49b8e4b30969a4b0a2a8a1220"},
]
"idna 2.10" = [
    {file = "idna-2.10-py2.py3-none-any.whl", hash = "sha256:b97d804b1e9b523befed77c48dacec60e6dcb0b5391d57af6a65a312a90648c0"},
    {file = "idna-2.10.tar.gz", hash = "sha256:b307872f855b18632ce0c21c5e45be78c0ea7ae4c15c828c20788b26921eb3f6"},
]
"iniconfig 1.1.1" = [
    {file = "iniconfig-1.1.1-py2.py3-none-any.whl", hash = "sha256:011e24c64b7f47f6ebd835bb12a743f2fbe9a26d4cecaa7f53bc4f35ee9da8b3"},
    {file = "iniconfig-1.1.1.tar.gz", hash = "sha256:bc3af051d7d14b2ee5ef9969666def0cd1a000e121eaea580d4a313df4b37f32"},
]
"ipython 7.19.0" = [
    {file = "ipython-7.19.0-py3-none-any.whl", hash = "sha256:c987e8178ced651532b3b1ff9965925bfd445c279239697052561a9ab806d28f"},
    {file = "ipython-7.19.0.tar.gz", hash = "sha256:cbb2ef3d5961d44e6a963b9817d4ea4e1fa2eb589c371a470fed14d8d40cbd6a"},
]
"ipython-genutils 0.2.0" = [
    {file = "ipython_genutils-0.2.0-py2.py3-none-any.whl", hash = "sha256:72dd37233799e619666c9f639a9da83c34013a73e8bbc79a7a6348d93c61fab8"},
    {file = "ipython_genutils-0.2.0.tar.gz", hash = "sha256:eb2e116e75ecef9d4d228fdc66af54269afa26ab4463042e33785b887c628ba8"},
]
"jedi 0.17.2" = [
    {file = "jedi-0.17.2-py2.py3-none-any.whl", hash = "sha256:98cc583fa0f2f8304968199b01b6b4b94f469a1f4a74c1560506ca2a211378b5"},
    {file = "jedi-0.17.2.tar.gz", hash = "sha256:86ed7d9b750603e4ba582ea8edc678657fb4007894a12bcf6f4bb97892f31d20"},
]
"kiwisolver 1.3.1" = [
    {file = "kiwisolver-1.3.1-cp36-cp36m-macosx_10_9_x86_64.whl", hash = "sha256:fd34fbbfbc40628200730bc1febe30631347103fc8d3d4fa012c21ab9c11eca9"},
    {file = "kiwisolver-1.3.1-cp36-cp36m-manylinux1_i686.whl", hash = "sha256:d3155d828dec1d43283bd24d3d3e0d9c7c350cdfcc0bd06c0ad1209c1bbc36d0"},
    {file = "kiwisolver-1.3.1-cp36-cp36m-manylinux1_x86_64.whl", hash = "sha256:5a7a7dbff17e66fac9142ae2ecafb719393aaee6a3768c9de2fd425c63b53e21"},
    {file = "kiwisolver-1.3.1-cp36-cp36m-manylinux2014_aarch64.whl", hash = "sha256:f8d6f8db88049a699817fd9178782867bf22283e3813064302ac59f61d95be05"},
    {file = "kiwisolver-1.3.1-cp36-cp36m-manylinux2014_ppc64le.whl", hash = "sha256:5f6ccd3dd0b9739edcf407514016108e2280769c73a85b9e59aa390046dbf08b"},
    {file = "kiwisolver-1.3.1-cp36-cp36m-win32.whl", hash = "sha256:225e2e18f271e0ed8157d7f4518ffbf99b9450fca398d561eb5c4a87d0986dd9"},
    {file = "kiwisolver-1.3.1-cp36-cp36m-win_amd64.whl", hash = "sha256:cf8b574c7b9aa060c62116d4181f3a1a4e821b2ec5cbfe3775809474113748d4"},
    {file = "kiwisolver-1.3.1-cp37-cp37m-macosx_10_9_x86_64.whl", hash = "sha256:232c9e11fd7ac3a470d65cd67e4359eee155ec57e822e5220322d7b2ac84fbf0"},
    {file = "kiwisolver-1.3.1-cp37-cp37m-manylinux1_i686.whl", hash = "sha256:b38694dcdac990a743aa654037ff1188c7a9801ac3ccc548d3341014bc5ca278"},
    {file = "kiwisolver-1.3.1-cp37-cp37m-manylinux1_x86_64.whl", hash = "sha256:ca3820eb7f7faf7f0aa88de0e54681bddcb46e485beb844fcecbcd1c8bd01689"},
    {file = "kiwisolver-1.3.1-cp37-cp37m-manylinux2014_aarch64.whl", hash = "sha256:c8fd0f1ae9d92b42854b2979024d7597685ce4ada367172ed7c09edf2cef9cb8"},
    {file = "kiwisolver-1.3.1-cp37-cp37m-manylinux2014_ppc64le.whl", hash = "sha256:1e1bc12fb773a7b2ffdeb8380609f4f8064777877b2225dec3da711b421fda31"},
    {file = "kiwisolver-1.3.1-cp37-cp37m-win32.whl", hash = "sha256:72c99e39d005b793fb7d3d4e660aed6b6281b502e8c1eaf8ee8346023c8e03bc"},
    {file = "kiwisolver-1.3.1-cp37-cp37m-win_amd64.whl", hash = "sha256:8be8d84b7d4f2ba4ffff3665bcd0211318aa632395a1a41553250484a871d454"},
    {file = "kiwisolver-1.3.1-cp38-cp38-macosx_10_9_x86_64.whl", hash = "sha256:31dfd2ac56edc0ff9ac295193eeaea1c0c923c0355bf948fbd99ed6018010b72"},
    {file = "kiwisolver-1.3.1-cp38-cp38-manylinux1_i686.whl", hash = "sha256:563c649cfdef27d081c84e72a03b48ea9408c16657500c312575ae9d9f7bc1c3"},
    {file = "kiwisolver-1.3.1-cp38-cp38-manylinux1_x86_64.whl", hash = "sha256:78751b33595f7f9511952e7e60ce858c6d64db2e062afb325985ddbd34b5c131"},
    {file = "kiwisolver-1.3.1-cp38-cp38-manylinux2014_aarch64.whl", hash = "sha256:a357fd4f15ee49b4a98b44ec23a34a95f1e00292a139d6015c11f55774ef10de"},
    {file = "kiwisolver-1.3.1-cp38-cp38-manylinux2014_ppc64le.whl", hash = "sha256:5989db3b3b34b76c09253deeaf7fbc2707616f130e166996606c284395da3f18"},
    {file = "kiwisolver-1.3.1-cp38-cp38-win32.whl", hash = "sha256:c08e95114951dc2090c4a630c2385bef681cacf12636fb0241accdc6b303fd81"},
    {file = "kiwisolver-1.3.1-cp38-cp38-win_amd64.whl", hash = "sha256:44a62e24d9b01ba94ae7a4a6c3fb215dc4af1dde817e7498d901e229aaf50e4e"},
    {file = "kiwisolver-1.3.1-cp39-cp39-macosx_10_9_x86_64.whl", hash = "sha256:50af681a36b2a1dee1d3c169ade9fdc59207d3c31e522519181e12f1b3ba7000"},
    {file = "kiwisolver-1.3.1-cp39-cp39-manylinux1_i686.whl", hash = "sha256:a53d27d0c2a0ebd07e395e56a1fbdf75ffedc4a05943daf472af163413ce9598"},
    {file = "kiwisolver-1.3.1-cp39-cp39-manylinux1_x86_64.whl", hash = "sha256:834ee27348c4aefc20b479335fd422a2c69db55f7d9ab61721ac8cd83eb78882"},
    {file = "kiwisolver-1.3.1-cp39-cp39-manylinux2014_aarch64.whl", hash = "sha256:5c3e6455341008a054cccee8c5d24481bcfe1acdbc9add30aa95798e95c65621"},
    {file = "kiwisolver-1.3.1-cp39-cp39-manylinux2014_ppc64le.whl", hash = "sha256:acef3d59d47dd85ecf909c359d0fd2c81ed33bdff70216d3956b463e12c38a54"},
    {file = "kiwisolver-1.3.1-cp39-cp39-win32.whl", hash = "sha256:c5518d51a0735b1e6cee1fdce66359f8d2b59c3ca85dc2b0813a8aa86818a030"},
    {file = "kiwisolver-1.3.1-cp39-cp39-win_amd64.whl", hash = "sha256:b9edd0110a77fc321ab090aaa1cfcaba1d8499850a12848b81be2222eab648f6"},
    {file = "kiwisolver-1.3.1-pp36-pypy36_pp73-macosx_10_9_x86_64.whl", hash = "sha256:0cd53f403202159b44528498de18f9285b04482bab2a6fc3f5dd8dbb9352e30d"},
    {file = "kiwisolver-1.3.1-pp36-pypy36_pp73-manylinux2010_x86_64.whl", hash = "sha256:33449715e0101e4d34f64990352bce4095c8bf13bed1b390773fc0a7295967b3"},
    {file = "kiwisolver-1.3.1-pp36-pypy36_pp73-win32.whl", hash = "sha256:401a2e9afa8588589775fe34fc22d918ae839aaaf0c0e96441c0fdbce6d8ebe6"},
    {file = "kiwisolver-1.3.1.tar.gz", hash = "sha256:950a199911a8d94683a6b10321f9345d5a3a8433ec58b217ace979e18f16e248"},
]
"matplotlib 3.3.3" = [
    {file = "matplotlib-3.3.3-cp36-cp36m-macosx_10_9_x86_64.whl", hash = "sha256:b2a5e1f637a92bb6f3526cc54cc8af0401112e81ce5cba6368a1b7908f9e18bc"},
    {file = "matplotlib-3.3.3-cp36-cp36m-manylinux1_i686.whl", hash = "sha256:c586ac1d64432f92857c3cf4478cfb0ece1ae18b740593f8a39f2f0b27c7fda5"},
    {file = "matplotlib-3.3.3-cp36-cp36m-manylinux1_x86_64.whl", hash = "sha256:9b03722c89a43a61d4d148acfc89ec5bb54cd0fd1539df25b10eb9c5fa6c393a"},
    {file = "matplotlib-3.3.3-cp36-cp36m-win32.whl", hash = "sha256:2c2c5041608cb75c39cbd0ed05256f8a563e144234a524c59d091abbfa7a868f"},
    {file = "matplotlib-3.3.3-cp36-cp36m-win_amd64.whl", hash = "sha256:c092fc4673260b1446b8578015321081d5db73b94533fe4bf9b69f44e948d174"},
    {file = "matplotlib-3.3.3-cp37-cp37m-macosx_10_9_x86_64.whl", hash = "sha256:27c9393fada62bd0ad7c730562a0fecbd3d5aaa8d9ed80ba7d3ebb8abc4f0453"},
    {file = "matplotlib-3.3.3-cp37-cp37m-manylinux1_i686.whl", hash = "sha256:b8ba2a1dbb4660cb469fe8e1febb5119506059e675180c51396e1723ff9b79d9"},
    {file = "matplotlib-3.3.3-cp37-cp37m-manylinux1_x86_64.whl", hash = "sha256:0caa687fce6174fef9b27d45f8cc57cbc572e04e98c81db8e628b12b563d59a2"},
    {file = "matplotlib-3.3.3-cp37-cp37m-win32.whl", hash = "sha256:b7b09c61a91b742cb5460b72efd1fe26ef83c1c704f666e0af0df156b046aada"},
    {file = "matplotlib-3.3.3-cp37-cp37m-win_amd64.whl", hash = "sha256:6ffd2d80d76df2e5f9f0c0140b5af97e3b87dd29852dcdb103ec177d853ec06b"},
    {file = "matplotlib-3.3.3-cp38-cp38-macosx_10_9_x86_64.whl", hash = "sha256:5111d6d47a0f5b8f3e10af7a79d5e7eb7e73a22825391834734274c4f312a8a0"},
    {file = "matplotlib-3.3.3-cp38-cp38-manylinux1_i686.whl", hash = "sha256:a4fe54eab2c7129add75154823e6543b10261f9b65b2abe692d68743a4999f8c"},
    {file = "matplotlib-3.3.3-cp38-cp38-manylinux1_x86_64.whl", hash = "sha256:83e6c895d93fdf93eeff1a21ee96778ba65ef258e5d284160f7c628fee40c38f"},
    {file = "matplotlib-3.3.3-cp38-cp38-win32.whl", hash = "sha256:b26c472847911f5a7eb49e1c888c31c77c4ddf8023c1545e0e8e0367ba74fb15"},
    {file = "matplotlib-3.3.3-cp38-cp38-win_amd64.whl", hash = "sha256:09225edca87a79815822eb7d3be63a83ebd4d9d98d5aa3a15a94f4eee2435954"},
    {file = "matplotlib-3.3.3-cp39-cp39-macosx_10_9_x86_64.whl", hash = "sha256:eb6b6700ea454bb88333d98601e74928e06f9669c1ea231b4c4c666c1d7701b4"},
    {file = "matplotlib-3.3.3-cp39-cp39-manylinux1_i686.whl", hash = "sha256:2d31aff0c8184b05006ad756b9a4dc2a0805e94d28f3abc3187e881b6673b302"},
    {file = "matplotlib-3.3.3-cp39-cp39-manylinux1_x86_64.whl", hash = "sha256:d082f77b4ed876ae94a9373f0db96bf8768a7cca6c58fc3038f94e30ffde1880"},
    {file = "matplotlib-3.3.3-cp39-cp39-win32.whl", hash = "sha256:e71cdd402047e657c1662073e9361106c6981e9621ab8c249388dfc3ec1de07b"},
    {file = "matplotlib-3.3.3-cp39-cp39-win_amd64.whl", hash = "sha256:756ee498b9ba35460e4cbbd73f09018e906daa8537fff61da5b5bf8d5e9de5c7"},
    {file = "matplotlib-3.3.3-pp36-pypy36_pp73-macosx_10_9_x86_64.whl", hash = "sha256:7ad44f2c74c50567c694ee91c6fa16d67e7c8af6f22c656b80469ad927688457"},
    {file = "matplotlib-3.3.3-pp36-pypy36_pp73-manylinux2010_x86_64.whl", hash = "sha256:3a4c3e9be63adf8e9b305aa58fb3ec40ecc61fd0f8fd3328ce55bc30e7a2aeb0"},
    {file = "matplotlib-3.3.3-pp37-pypy37_pp73-macosx_10_9_x86_64.whl", hash = "sha256:746897fbd72bd462b888c74ed35d812ca76006b04f717cd44698cdfc99aca70d"},
    {file = "matplotlib-3.3.3-pp37-pypy37_pp73-manylinux2010_x86_64.whl", hash = "sha256:5ed3d3342698c2b1f3651f8ea6c099b0f196d16ee00e33dc3a6fee8cb01d530a"},
    {file = "matplotlib-3.3.3.tar.gz", hash = "sha256:b1b60c6476c4cfe9e5cf8ab0d3127476fd3d5f05de0f343a452badaad0e4bdec"},
]
"minio 7.0.1" = [
    {file = "minio-7.0.1-py3-none-any.whl", hash = "sha256:d595e255e3220101dac3fab97bcfa48fbd6639e62daf7b7c928a15c71d9d4ac4"},
    {file = "minio-7.0.1.tar.gz", hash = "sha256:e1468f7214c986b00f69525c984c9f5757916e06ce9f3c8450c980a8c16b67e8"},
]
"networkx 2.5" = [
    {file = "networkx-2.5-py3-none-any.whl", hash = "sha256:8c5812e9f798d37c50570d15c4a69d5710a18d77bafc903ee9c5fba7454c616c"},
    {file = "networkx-2.5.tar.gz", hash = "sha256:7978955423fbc9639c10498878be59caf99b44dc304c2286162fd24b458c1602"},
]
"numpy 1.19.5" = [
    {file = "numpy-1.19.5-cp36-cp36m-macosx_10_9_x86_64.whl", hash = "sha256:cc6bd4fd593cb261332568485e20a0712883cf631f6f5e8e86a52caa8b2b50ff"},
    {file = "numpy-1.19.5-cp36-cp36m-manylinux1_i686.whl", hash = "sha256:aeb9ed923be74e659984e321f609b9ba54a48354bfd168d21a2b072ed1e833ea"},
    {file = "numpy-1.19.5-cp36-cp36m-manylinux1_x86_64.whl", hash = "sha256:8b5e972b43c8fc27d56550b4120fe6257fdc15f9301914380b27f74856299fea"},
    {file = "numpy-1.19.5-cp36-cp36m-manylinux2010_i686.whl", hash = "sha256:43d4c81d5ffdff6bae58d66a3cd7f54a7acd9a0e7b18d97abb255defc09e3140"},
    {file = "numpy-1.19.5-cp36-cp36m-manylinux2010_x86_64.whl", hash = "sha256:a4646724fba402aa7504cd48b4b50e783296b5e10a524c7a6da62e4a8ac9698d"},
    {file = "numpy-1.19.5-cp36-cp36m-manylinux2014_aarch64.whl", hash = "sha256:2e55195bc1c6b705bfd8ad6f288b38b11b1af32f3c8289d6c50d47f950c12e76"},
    {file = "numpy-1.19.5-cp36-cp36m-win32.whl", hash = "sha256:39b70c19ec771805081578cc936bbe95336798b7edf4732ed102e7a43ec5c07a"},
    {file = "numpy-1.19.5-cp36-cp36m-win_amd64.whl", hash = "sha256:dbd18bcf4889b720ba13a27ec2f2aac1981bd41203b3a3b27ba7a33f88ae4827"},
    {file = "numpy-1.19.5-cp37-cp37m-macosx_10_9_x86_64.whl", hash = "sha256:603aa0706be710eea8884af807b1b3bc9fb2e49b9f4da439e76000f3b3c6ff0f"},
    {file = "numpy-1.19.5-cp37-cp37m-manylinux1_i686.whl", hash = "sha256:cae865b1cae1ec2663d8ea56ef6ff185bad091a5e33ebbadd98de2cfa3fa668f"},
    {file = "numpy-1.19.5-cp37-cp37m-manylinux1_x86_64.whl", hash = "sha256:36674959eed6957e61f11c912f71e78857a8d0604171dfd9ce9ad5cbf41c511c"},
    {file = "numpy-1.19.5-cp37-cp37m-manylinux2010_i686.whl", hash = "sha256:06fab248a088e439402141ea04f0fffb203723148f6ee791e9c75b3e9e82f080"},
    {file = "numpy-1.19.5-cp37-cp37m-manylinux2010_x86_64.whl", hash = "sha256:6149a185cece5ee78d1d196938b2a8f9d09f5a5ebfbba66969302a778d5ddd1d"},
    {file = "numpy-1.19.5-cp37-cp37m-manylinux2014_aarch64.whl", hash = "sha256:50a4a0ad0111cc1b71fa32dedd05fa239f7fb5a43a40663269bb5dc7877cfd28"},
    {file = "numpy-1.19.5-cp37-cp37m-win32.whl", hash = "sha256:d051ec1c64b85ecc69531e1137bb9751c6830772ee5c1c426dbcfe98ef5788d7"},
    {file = "numpy-1.19.5-cp37-cp37m-win_amd64.whl", hash = "sha256:a12ff4c8ddfee61f90a1633a4c4afd3f7bcb32b11c52026c92a12e1325922d0d"},
    {file = "numpy-1.19.5-cp38-cp38-macosx_10_9_x86_64.whl", hash = "sha256:cf2402002d3d9f91c8b01e66fbb436a4ed01c6498fffed0e4c7566da1d40ee1e"},
    {file = "numpy-1.19.5-cp38-cp38-manylinux1_i686.whl", hash = "sha256:1ded4fce9cfaaf24e7a0ab51b7a87be9038ea1ace7f34b841fe3b6894c721d1c"},
    {file = "numpy-1.19.5-cp38-cp38-manylinux1_x86_64.whl", hash = "sha256:012426a41bc9ab63bb158635aecccc7610e3eff5d31d1eb43bc099debc979d94"},
    {file = "numpy-1.19.5-cp38-cp38-manylinux2010_i686.whl", hash = "sha256:759e4095edc3c1b3ac031f34d9459fa781777a93ccc633a472a5468587a190ff"},
    {file = "numpy-1.19.5-cp38-cp38-manylinux2010_x86_64.whl", hash = "sha256:a9d17f2be3b427fbb2bce61e596cf555d6f8a56c222bd2ca148baeeb5e5c783c"},
    {file = "numpy-1.19.5-cp38-cp38-manylinux2014_aarch64.whl", hash = "sha256:99abf4f353c3d1a0c7a5f27699482c987cf663b1eac20db59b8c7b061eabd7fc"},
    {file = "numpy-1.19.5-cp38-cp38-win32.whl", hash = "sha256:384ec0463d1c2671170901994aeb6dce126de0a95ccc3976c43b0038a37329c2"},
    {file = "numpy-1.19.5-cp38-cp38-win_amd64.whl", hash = "sha256:811daee36a58dc79cf3d8bdd4a490e4277d0e4b7d103a001a4e73ddb48e7e6aa"},
    {file = "numpy-1.19.5-cp39-cp39-macosx_10_9_x86_64.whl", hash = "sha256:c843b3f50d1ab7361ca4f0b3639bf691569493a56808a0b0c54a051d260b7dbd"},
    {file = "numpy-1.19.5-cp39-cp39-manylinux1_i686.whl", hash = "sha256:d6631f2e867676b13026e2846180e2c13c1e11289d67da08d71cacb2cd93d4aa"},
    {file = "numpy-1.19.5-cp39-cp39-manylinux1_x86_64.whl", hash = "sha256:7fb43004bce0ca31d8f13a6eb5e943fa73371381e53f7074ed21a4cb786c32f8"},
    {file = "numpy-1.19.5-cp39-cp39-manylinux2010_i686.whl", hash = "sha256:2ea52bd92ab9f768cc64a4c3ef8f4b2580a17af0a5436f6126b08efbd1838371"},
    {file = "numpy-1.19.5-cp39-cp39-manylinux2010_x86_64.whl", hash = "sha256:400580cbd3cff6ffa6293df2278c75aef2d58d8d93d3c5614cd67981dae68ceb"},
    {file = "numpy-1.19.5-cp39-cp39-manylinux2014_aarch64.whl", hash = "sha256:df609c82f18c5b9f6cb97271f03315ff0dbe481a2a02e56aeb1b1a985ce38e60"},
    {file = "numpy-1.19.5-cp39-cp39-win32.whl", hash = "sha256:ab83f24d5c52d60dbc8cd0528759532736b56db58adaa7b5f1f76ad551416a1e"},
    {file = "numpy-1.19.5-cp39-cp39-win_amd64.whl", hash = "sha256:0eef32ca3132a48e43f6a0f5a82cb508f22ce5a3d6f67a8329c81c8e226d3f6e"},
    {file = "numpy-1.19.5-pp36-pypy36_pp73-manylinux2010_x86_64.whl", hash = "sha256:a0d53e51a6cb6f0d9082decb7a4cb6dfb33055308c4c44f53103c073f649af73"},
    {file = "numpy-1.19.5.zip", hash = "sha256:a76f502430dd98d7546e1ea2250a7360c065a5fdea52b2dffe8ae7180909b6f4"},
]
"packaging 20.8" = [
    {file = "packaging-20.8-py2.py3-none-any.whl", hash = "sha256:24e0da08660a87484d1602c30bb4902d74816b6985b93de36926f5bc95741858"},
    {file = "packaging-20.8.tar.gz", hash = "sha256:78598185a7008a470d64526a8059de9aaa449238f280fc9eb6b13ba6c4109093"},
]
"pandas 1.2.1" = [
    {file = "pandas-1.2.1-cp37-cp37m-macosx_10_9_x86_64.whl", hash = "sha256:50e6c0a17ef7f831b5565fd0394dbf9bfd5d615ee4dd4bb60a3d8c9d2e872323"},
    {file = "pandas-1.2.1-cp37-cp37m-manylinux1_i686.whl", hash = "sha256:324e60bea729cf3b55c1bf9e88fe8b9932c26f8669d13b928e3c96b3a1453dff"},
    {file = "pandas-1.2.1-cp37-cp37m-manylinux1_x86_64.whl", hash = "sha256:37443199f451f8badfe0add666e43cdb817c59fa36bceedafd9c543a42f236ca"},
    {file = "pandas-1.2.1-cp37-cp37m-win32.whl", hash = "sha256:23ac77a3a222d9304cb2a7934bb7b4805ff43d513add7a42d1a22dc7df14edd2"},
    {file = "pandas-1.2.1-cp37-cp37m-win_amd64.whl", hash = "sha256:496fcc29321e9a804d56d5aa5d7ec1320edfd1898eee2f451aa70171cf1d5a29"},
    {file = "pandas-1.2.1-cp38-cp38-macosx_10_9_x86_64.whl", hash = "sha256:30e9e8bc8c5c17c03d943e8d6f778313efff59e413b8dbdd8214c2ed9aa165f6"},
    {file = "pandas-1.2.1-cp38-cp38-manylinux1_i686.whl", hash = "sha256:055647e7f4c5e66ba92c2a7dcae6c2c57898b605a3fb007745df61cc4015937f"},
    {file = "pandas-1.2.1-cp38-cp38-manylinux1_x86_64.whl", hash = "sha256:9d45f58b03af1fea4b48e44aa38a819a33dccb9821ef9e1d68f529995f8a632f"},
    {file = "pandas-1.2.1-cp38-cp38-manylinux2014_aarch64.whl", hash = "sha256:b26e2dabda73d347c7af3e6fed58483161c7b87a886a4e06d76ccfe55a044aa9"},
    {file = "pandas-1.2.1-cp38-cp38-win32.whl", hash = "sha256:47ec0808a8357ab3890ce0eca39a63f79dcf941e2e7f494470fe1c9ec43f6091"},
    {file = "pandas-1.2.1-cp38-cp38-win_amd64.whl", hash = "sha256:57d5c7ac62925a8d2ab43ea442b297a56cc8452015e71e24f4aa7e4ed6be3d77"},
    {file = "pandas-1.2.1-cp39-cp39-macosx_10_9_x86_64.whl", hash = "sha256:d7cca42dba13bfee369e2944ae31f6549a55831cba3117e17636955176004088"},
    {file = "pandas-1.2.1-cp39-cp39-manylinux1_i686.whl", hash = "sha256:cfd237865d878da9b65cfee883da5e0067f5e2ff839e459466fb90565a77bda3"},
    {file = "pandas-1.2.1-cp39-cp39-manylinux1_x86_64.whl", hash = "sha256:050ed2c9d825ef36738e018454e6d055c63d947c1d52010fbadd7584f09df5db"},
    {file = "pandas-1.2.1-cp39-cp39-win32.whl", hash = "sha256:fe7de6fed43e7d086e3d947651ec89e55ddf00102f9dd5758763d56d182f0564"},
    {file = "pandas-1.2.1-cp39-cp39-win_amd64.whl", hash = "sha256:2de012a36cc507debd9c3351b4d757f828d5a784a5fc4e6766eafc2b56e4b0f5"},
    {file = "pandas-1.2.1.tar.gz", hash = "sha256:5527c5475d955c0bc9689c56865aaa2a7b13c504d6c44f0aadbf57b565af5ebd"},
]
"parso 0.7.1" = [
    {file = "parso-0.7.1-py2.py3-none-any.whl", hash = "sha256:97218d9159b2520ff45eb78028ba8b50d2bc61dcc062a9682666f2dc4bd331ea"},
    {file = "parso-0.7.1.tar.gz", hash = "sha256:caba44724b994a8a5e086460bb212abc5a8bc46951bf4a9a1210745953622eb9"},
]
"pexpect 4.8.0" = [
    {file = "pexpect-4.8.0-py2.py3-none-any.whl", hash = "sha256:0b48a55dcb3c05f3329815901ea4fc1537514d6ba867a152b581d69ae3710937"},
    {file = "pexpect-4.8.0.tar.gz", hash = "sha256:fc65a43959d153d0114afe13997d439c22823a27cefceb5ff35c2178c6784c0c"},
]
"pickleshare 0.7.5" = [
    {file = "pickleshare-0.7.5-py2.py3-none-any.whl", hash = "sha256:9649af414d74d4df115d5d718f82acb59c9d418196b7b4290ed47a12ce62df56"},
    {file = "pickleshare-0.7.5.tar.gz", hash = "sha256:87683d47965c1da65cdacaf31c8441d12b8044cdec9aca500cd78fc2c683afca"},
]
"pillow 8.1.0" = [
    {file = "Pillow-8.1.0-cp36-cp36m-macosx_10_10_x86_64.whl", hash = "sha256:d355502dce85ade85a2511b40b4c61a128902f246504f7de29bbeec1ae27933a"},
    {file = "Pillow-8.1.0-cp36-cp36m-manylinux1_i686.whl", hash = "sha256:93a473b53cc6e0b3ce6bf51b1b95b7b1e7e6084be3a07e40f79b42e83503fbf2"},
    {file = "Pillow-8.1.0-cp36-cp36m-manylinux1_x86_64.whl", hash = "sha256:2353834b2c49b95e1313fb34edf18fca4d57446675d05298bb694bca4b194174"},
    {file = "Pillow-8.1.0-cp36-cp36m-manylinux2014_aarch64.whl", hash = "sha256:1d208e670abfeb41b6143537a681299ef86e92d2a3dac299d3cd6830d5c7bded"},
    {file = "Pillow-8.1.0-cp36-cp36m-win32.whl", hash = "sha256:dd9eef866c70d2cbbea1ae58134eaffda0d4bfea403025f4db6859724b18ab3d"},
    {file = "Pillow-8.1.0-cp36-cp36m-win_amd64.whl", hash = "sha256:b09e10ec453de97f9a23a5aa5e30b334195e8d2ddd1ce76cc32e52ba63c8b31d"},
    {file = "Pillow-8.1.0-cp37-cp37m-macosx_10_10_x86_64.whl", hash = "sha256:b02a0b9f332086657852b1f7cb380f6a42403a6d9c42a4c34a561aa4530d5234"},
    {file = "Pillow-8.1.0-cp37-cp37m-manylinux1_i686.whl", hash = "sha256:ca20739e303254287138234485579b28cb0d524401f83d5129b5ff9d606cb0a8"},
    {file = "Pillow-8.1.0-cp37-cp37m-manylinux1_x86_64.whl", hash = "sha256:604815c55fd92e735f9738f65dabf4edc3e79f88541c221d292faec1904a4b17"},
    {file = "Pillow-8.1.0-cp37-cp37m-manylinux2014_aarch64.whl", hash = "sha256:cf6e33d92b1526190a1de904df21663c46a456758c0424e4f947ae9aa6088bf7"},
    {file = "Pillow-8.1.0-cp37-cp37m-win32.whl", hash = "sha256:47c0d93ee9c8b181f353dbead6530b26980fe4f5485aa18be8f1fd3c3cbc685e"},
    {file = "Pillow-8.1.0-cp37-cp37m-win_amd64.whl", hash = "sha256:96d4dc103d1a0fa6d47c6c55a47de5f5dafd5ef0114fa10c85a1fd8e0216284b"},
    {file = "Pillow-8.1.0-cp38-cp38-macosx_10_10_x86_64.whl", hash = "sha256:7916cbc94f1c6b1301ac04510d0881b9e9feb20ae34094d3615a8a7c3db0dcc0"},
    {file = "Pillow-8.1.0-cp38-cp38-manylinux1_i686.whl", hash = "sha256:3de6b2ee4f78c6b3d89d184ade5d8fa68af0848f9b6b6da2b9ab7943ec46971a"},
    {file = "Pillow-8.1.0-cp38-cp38-manylinux1_x86_64.whl", hash = "sha256:cdbbe7dff4a677fb555a54f9bc0450f2a21a93c5ba2b44e09e54fcb72d2bd13d"},
    {file = "Pillow-8.1.0-cp38-cp38-manylinux2014_aarch64.whl", hash = "sha256:f50e7a98b0453f39000619d845be8b06e611e56ee6e8186f7f60c3b1e2f0feae"},
    {file = "Pillow-8.1.0-cp38-cp38-win32.whl", hash = "sha256:cb192176b477d49b0a327b2a5a4979552b7a58cd42037034316b8018ac3ebb59"},
    {file = "Pillow-8.1.0-cp38-cp38-win_amd64.whl", hash = "sha256:6c5275bd82711cd3dcd0af8ce0bb99113ae8911fc2952805f1d012de7d600a4c"},
    {file = "Pillow-8.1.0-cp39-cp39-macosx_10_10_x86_64.whl", hash = "sha256:165c88bc9d8dba670110c689e3cc5c71dbe4bfb984ffa7cbebf1fac9554071d6"},
    {file = "Pillow-8.1.0-cp39-cp39-manylinux1_i686.whl", hash = "sha256:5e2fe3bb2363b862671eba632537cd3a823847db4d98be95690b7e382f3d6378"},
    {file = "Pillow-8.1.0-cp39-cp39-manylinux1_x86_64.whl", hash = "sha256:7612520e5e1a371d77e1d1ca3a3ee6227eef00d0a9cddb4ef7ecb0b7396eddf7"},
    {file = "Pillow-8.1.0-cp39-cp39-manylinux2014_aarch64.whl", hash = "sha256:d673c4990acd016229a5c1c4ee8a9e6d8f481b27ade5fc3d95938697fa443ce0"},
    {file = "Pillow-8.1.0-cp39-cp39-win32.whl", hash = "sha256:dc577f4cfdda354db3ae37a572428a90ffdbe4e51eda7849bf442fb803f09c9b"},
    {file = "Pillow-8.1.0-cp39-cp39-win_amd64.whl", hash = "sha256:22d070ca2e60c99929ef274cfced04294d2368193e935c5d6febfd8b601bf865"},
    {file = "Pillow-8.1.0-pp36-pypy36_pp73-macosx_10_10_x86_64.whl", hash = "sha256:a3d3e086474ef12ef13d42e5f9b7bbf09d39cf6bd4940f982263d6954b13f6a9"},
    {file = "Pillow-8.1.0-pp36-pypy36_pp73-manylinux2010_i686.whl", hash = "sha256:731ca5aabe9085160cf68b2dbef95fc1991015bc0a3a6ea46a371ab88f3d0913"},
    {file = "Pillow-8.1.0-pp36-pypy36_pp73-manylinux2010_x86_64.whl", hash = "sha256:bba80df38cfc17f490ec651c73bb37cd896bc2400cfba27d078c2135223c1206"},
    {file = "Pillow-8.1.0-pp37-pypy37_pp73-macosx_10_10_x86_64.whl", hash = "sha256:c3d911614b008e8a576b8e5303e3db29224b455d3d66d1b2848ba6ca83f9ece9"},
    {file = "Pillow-8.1.0-pp37-pypy37_pp73-manylinux2010_i686.whl", hash = "sha256:39725acf2d2e9c17356e6835dccebe7a697db55f25a09207e38b835d5e1bc032"},
    {file = "Pillow-8.1.0-pp37-pypy37_pp73-manylinux2010_x86_64.whl", hash = "sha256:81c3fa9a75d9f1afafdb916d5995633f319db09bd773cb56b8e39f1e98d90820"},
    {file = "Pillow-8.1.0-pp37-pypy37_pp73-win32.whl", hash = "sha256:b6f00ad5ebe846cc91763b1d0c6d30a8042e02b2316e27b05de04fa6ec831ec5"},
    {file = "Pillow-8.1.0.tar.gz", hash = "sha256:887668e792b7edbfb1d3c9d8b5d8c859269a0f0eba4dda562adb95500f60dbba"},
]
"pluggy 0.13.1" = [
    {file = "pluggy-0.13.1-py2.py3-none-any.whl", hash = "sha256:966c145cd83c96502c3c3868f50408687b38434af77734af1e9ca461a4081d2d"},
    {file = "pluggy-0.13.1.tar.gz", hash = "sha256:15b2acde666561e1298d71b523007ed7364de07029219b604cf808bfa1c765b0"},
]
"prompt-toolkit 3.0.14" = [
    {file = "prompt_toolkit-3.0.14-py3-none-any.whl", hash = "sha256:c96b30925025a7635471dc083ffb6af0cc67482a00611bd81aeaeeeb7e5a5e12"},
    {file = "prompt_toolkit-3.0.14.tar.gz", hash = "sha256:7e966747c18ececaec785699626b771c1ba8344c8d31759a1915d6b12fad6525"},
]
"ptyprocess 0.7.0" = [
    {file = "ptyprocess-0.7.0-py2.py3-none-any.whl", hash = "sha256:4b41f3967fce3af57cc7e94b888626c18bf37a083e3651ca8feeb66d492fef35"},
    {file = "ptyprocess-0.7.0.tar.gz", hash = "sha256:5c5d0a3b48ceee0b48485e0c26037c0acd7d29765ca3fbb5cb3831d347423220"},
]
"py 1.10.0" = [
    {file = "py-1.10.0-py2.py3-none-any.whl", hash = "sha256:3b80836aa6d1feeaa108e046da6423ab8f6ceda6468545ae8d02d9d58d18818a"},
    {file = "py-1.10.0.tar.gz", hash = "sha256:21b81bda15b66ef5e1a777a21c4dcd9c20ad3efd0b3f817e7a809035269e1bd3"},
]
"pydot 1.4.1" = [
    {file = "pydot-1.4.1-py2.py3-none-any.whl", hash = "sha256:67be714300c78fda5fd52f79ec994039e3f76f074948c67b5ff539b433ad354f"},
    {file = "pydot-1.4.1.tar.gz", hash = "sha256:d49c9d4dd1913beec2a997f831543c8cbd53e535b1a739e921642fe416235f01"},
]
"pygments 2.7.4" = [
    {file = "Pygments-2.7.4-py3-none-any.whl", hash = "sha256:bc9591213a8f0e0ca1a5e68a479b4887fdc3e75d0774e5c71c31920c427de435"},
    {file = "Pygments-2.7.4.tar.gz", hash = "sha256:df49d09b498e83c1a73128295860250b0b7edd4c723a32e9bc0d295c7c2ec337"},
]
"pymysql 1.0.2" = [
    {file = "PyMySQL-1.0.2-py3-none-any.whl", hash = "sha256:41fc3a0c5013d5f039639442321185532e3e2c8924687abe6537de157d403641"},
    {file = "PyMySQL-1.0.2.tar.gz", hash = "sha256:816927a350f38d56072aeca5dfb10221fe1dc653745853d30a216637f5d7ad36"},
]
"pyparsing 2.4.7" = [
    {file = "pyparsing-2.4.7-py2.py3-none-any.whl", hash = "sha256:ef9d7589ef3c200abe66653d3f1ab1033c3c419ae9b9bdb1240a85b024efc88b"},
    {file = "pyparsing-2.4.7.tar.gz", hash = "sha256:c203ec8783bf771a155b207279b9bccb8dea02d8f0c9e5f8ead507bc3246ecc1"},
]
"pytest 6.2.2" = [
    {file = "pytest-6.2.2-py3-none-any.whl", hash = "sha256:b574b57423e818210672e07ca1fa90aaf194a4f63f3ab909a2c67ebb22913839"},
    {file = "pytest-6.2.2.tar.gz", hash = "sha256:9d1edf9e7d0b84d72ea3dbcdfd22b35fb543a5e8f2a60092dd578936bf63d7f9"},
]
"python-dateutil 2.8.1" = [
    {file = "python_dateutil-2.8.1-py2.py3-none-any.whl", hash = "sha256:75bb3f31ea686f1197762692a9ee6a7550b59fc6ca3a1f4b5d7e32fb98e2da2a"},
    {file = "python-dateutil-2.8.1.tar.gz", hash = "sha256:73ebfe9dbf22e832286dafa60473e4cd239f8592f699aa5adaf10050e6e1823c"},
]
"python-jsonrpc-server 0.4.0" = [
    {file = "python_jsonrpc_server-0.4.0-py3-none-any.whl", hash = "sha256:e5a908ff182e620aac07db5f57887eeb0afe33993008f57dc1b85b594cea250c"},
    {file = "python-jsonrpc-server-0.4.0.tar.gz", hash = "sha256:62c543e541f101ec5b57dc654efc212d2c2e3ea47ff6f54b2e7dcb36ecf20595"},
]
"python-language-server 0.36.2" = [
    {file = "python_language_server-0.36.2-py2.py3-none-any.whl", hash = "sha256:a0ad0aca03f4a20c1c40f4f230c6773eac82c9b7cdb026cb09ba10237f4815d5"},
    {file = "python-language-server-0.36.2.tar.gz", hash = "sha256:9984c84a67ee2c5102c8e703215f407fcfa5e62b0ae86c9572d0ada8c4b417b0"},
]
"pytz 2020.5" = [
    {file = "pytz-2020.5-py2.py3-none-any.whl", hash = "sha256:16962c5fb8db4a8f63a26646d8886e9d769b6c511543557bc84e9569fb9a9cb4"},
    {file = "pytz-2020.5.tar.gz", hash = "sha256:180befebb1927b16f6b57101720075a984c019ac16b1b7575673bea42c6c3da5"},
]
"pywin32 227" = [
    {file = "pywin32-227-cp27-cp27m-win32.whl", hash = "sha256:371fcc39416d736401f0274dd64c2302728c9e034808e37381b5e1b22be4a6b0"},
    {file = "pywin32-227-cp27-cp27m-win_amd64.whl", hash = "sha256:4cdad3e84191194ea6d0dd1b1b9bdda574ff563177d2adf2b4efec2a244fa116"},
    {file = "pywin32-227-cp35-cp35m-win32.whl", hash = "sha256:f4c5be1a293bae0076d93c88f37ee8da68136744588bc5e2be2f299a34ceb7aa"},
    {file = "pywin32-227-cp35-cp35m-win_amd64.whl", hash = "sha256:a929a4af626e530383a579431b70e512e736e9588106715215bf685a3ea508d4"},
    {file = "pywin32-227-cp36-cp36m-win32.whl", hash = "sha256:300a2db938e98c3e7e2093e4491439e62287d0d493fe07cce110db070b54c0be"},
    {file = "pywin32-227-cp36-cp36m-win_amd64.whl", hash = "sha256:9b31e009564fb95db160f154e2aa195ed66bcc4c058ed72850d047141b36f3a2"},
    {file = "pywin32-227-cp37-cp37m-win32.whl", hash = "sha256:47a3c7551376a865dd8d095a98deba954a98f326c6fe3c72d8726ca6e6b15507"},
    {file = "pywin32-227-cp37-cp37m-win_amd64.whl", hash = "sha256:31f88a89139cb2adc40f8f0e65ee56a8c585f629974f9e07622ba80199057511"},
    {file = "pywin32-227-cp38-cp38-win32.whl", hash = "sha256:7f18199fbf29ca99dff10e1f09451582ae9e372a892ff03a28528a24d55875bc"},
    {file = "pywin32-227-cp38-cp38-win_amd64.whl", hash = "sha256:7c1ae32c489dc012930787f06244426f8356e129184a02c25aef163917ce158e"},
    {file = "pywin32-227-cp39-cp39-win32.whl", hash = "sha256:c054c52ba46e7eb6b7d7dfae4dbd987a1bb48ee86debe3f245a2884ece46e295"},
    {file = "pywin32-227-cp39-cp39-win_amd64.whl", hash = "sha256:f27cec5e7f588c3d1051651830ecc00294f90728d19c3bf6916e6dba93ea357c"},
]
"requests 2.25.1" = [
    {file = "requests-2.25.1-py2.py3-none-any.whl", hash = "sha256:c210084e36a42ae6b9219e00e48287def368a26d03a048ddad7bfee44f75871e"},
    {file = "requests-2.25.1.tar.gz", hash = "sha256:27973dd4a904a4f13b263a19c866c13b92a39ed1c964655f025f3f8d3d75b804"},
]
"setuptools 52.0.0" = [
    {file = "setuptools-52.0.0-py3-none-any.whl", hash = "sha256:0a6f1f18249f78cffdad842efadf1ed7b039fa3355d93f3890f56bd66a48cf27"},
    {file = "setuptools-52.0.0.tar.gz", hash = "sha256:fb3a1ee622509550dbf1d419f241296169d7f09cb1eb5b1736f2f10965932b96"},
]
"six 1.15.0" = [
    {file = "six-1.15.0-py2.py3-none-any.whl", hash = "sha256:8b74bedcbbbaca38ff6d7491d76f2b06b3592611af620f8426e82dddb04a5ced"},
    {file = "six-1.15.0.tar.gz", hash = "sha256:30639c035cdb23534cd4aa2dd52c3bf48f06e5f4a941509c8bafd8ce11080259"},
]
"toml 0.10.2" = [
    {file = "toml-0.10.2-py2.py3-none-any.whl", hash = "sha256:806143ae5bfb6a3c6e736a764057db0e6a0e05e338b5630894a5f779cabb4f9b"},
    {file = "toml-0.10.2.tar.gz", hash = "sha256:b3bda1d108d5dd99f4a20d24d9c348e91c4db7ab1b749200bded2f839ccbe68f"},
]
"tqdm 4.56.0" = [
    {file = "tqdm-4.56.0-py2.py3-none-any.whl", hash = "sha256:4621f6823bab46a9cc33d48105753ccbea671b68bab2c50a9f0be23d4065cb5a"},
    {file = "tqdm-4.56.0.tar.gz", hash = "sha256:fe3d08dd00a526850568d542ff9de9bbc2a09a791da3c334f3213d8d0bbbca65"},
]
"traitlets 5.0.5" = [
    {file = "traitlets-5.0.5-py3-none-any.whl", hash = "sha256:69ff3f9d5351f31a7ad80443c2674b7099df13cc41fc5fa6e2f6d3b0330b0426"},
    {file = "traitlets-5.0.5.tar.gz", hash = "sha256:178f4ce988f69189f7e523337a3e11d91c786ded9360174a3d9ca83e79bc5396"},
]
"ujson 4.0.2" = [
    {file = "ujson-4.0.2-cp36-cp36m-macosx_10_14_x86_64.whl", hash = "sha256:e390df0dcc7897ffb98e17eae1f4c442c39c91814c298ad84d935a3c5c7a32fa"},
    {file = "ujson-4.0.2-cp36-cp36m-manylinux1_i686.whl", hash = "sha256:84b1dca0d53b0a8d58835f72ea2894e4d6cf7a5dd8f520ab4cbd698c81e49737"},
    {file = "ujson-4.0.2-cp36-cp36m-manylinux1_x86_64.whl", hash = "sha256:91396a585ba51f84dc71c8da60cdc86de6b60ba0272c389b6482020a1fac9394"},
    {file = "ujson-4.0.2-cp36-cp36m-manylinux2014_aarch64.whl", hash = "sha256:eb6b25a7670c7537a5998e695fa62ff13c7f9c33faf82927adf4daa460d5f62e"},
    {file = "ujson-4.0.2-cp36-cp36m-win_amd64.whl", hash = "sha256:f8aded54c2bc554ce20b397f72101737dd61ee7b81c771684a7dd7805e6cca0c"},
    {file = "ujson-4.0.2-cp37-cp37m-macosx_10_14_x86_64.whl", hash = "sha256:30962467c36ff6de6161d784cd2a6aac1097f0128b522d6e9291678e34fb2b47"},
    {file = "ujson-4.0.2-cp37-cp37m-manylinux1_i686.whl", hash = "sha256:fc51e545d65689c398161f07fd405104956ec27f22453de85898fa088b2cd4bb"},
    {file = "ujson-4.0.2-cp37-cp37m-manylinux1_x86_64.whl", hash = "sha256:e6e90330670c78e727d6637bb5a215d3e093d8e3570d439fd4922942f88da361"},
    {file = "ujson-4.0.2-cp37-cp37m-manylinux2014_aarch64.whl", hash = "sha256:5e1636b94c7f1f59a8ead4c8a7bab1b12cc52d4c21ababa295ffec56b445fd2a"},
    {file = "ujson-4.0.2-cp37-cp37m-win_amd64.whl", hash = "sha256:e2cadeb0ddc98e3963bea266cc5b884e5d77d73adf807f0bda9eca64d1c509d5"},
    {file = "ujson-4.0.2-cp38-cp38-macosx_10_14_x86_64.whl", hash = "sha256:a214ba5a21dad71a43c0f5aef917cd56a2d70bc974d845be211c66b6742a471c"},
    {file = "ujson-4.0.2-cp38-cp38-manylinux1_i686.whl", hash = "sha256:0190d26c0e990c17ad072ec8593647218fe1c675d11089cd3d1440175b568967"},
    {file = "ujson-4.0.2-cp38-cp38-manylinux1_x86_64.whl", hash = "sha256:f273a875c0b42c2a019c337631bc1907f6fdfbc84210cc0d1fff0e2019bbfaec"},
    {file = "ujson-4.0.2-cp38-cp38-manylinux2014_aarch64.whl", hash = "sha256:d3a87888c40b5bfcf69b4030427cd666893e826e82cc8608d1ba8b4b5e04ea99"},
    {file = "ujson-4.0.2-cp38-cp38-win_amd64.whl", hash = "sha256:7333e8bc45ea28c74ae26157eacaed5e5629dbada32e0103c23eb368f93af108"},
    {file = "ujson-4.0.2-cp39-cp39-macosx_10_14_x86_64.whl", hash = "sha256:b3a6dcc660220539aa718bcc9dbd6dedf2a01d19c875d1033f028f212e36d6bb"},
    {file = "ujson-4.0.2-cp39-cp39-manylinux1_i686.whl", hash = "sha256:0ea07fe57f9157118ca689e7f6db72759395b99121c0ff038d2e38649c626fb1"},
    {file = "ujson-4.0.2-cp39-cp39-manylinux1_x86_64.whl", hash = "sha256:4d6d061563470cac889c0a9fd367013a5dbd8efc36ad01ab3e67a57e56cad720"},
    {file = "ujson-4.0.2-cp39-cp39-manylinux2014_aarch64.whl", hash = "sha256:b5c70704962cf93ec6ea3271a47d952b75ae1980d6c56b8496cec2a722075939"},
    {file = "ujson-4.0.2-cp39-cp39-win_amd64.whl", hash = "sha256:aad6d92f4d71e37ea70e966500f1951ecd065edca3a70d3861b37b176dd6702c"},
    {file = "ujson-4.0.2.tar.gz", hash = "sha256:c615a9e9e378a7383b756b7e7a73c38b22aeb8967a8bfbffd4741f7ffd043c4d"},
]
"urllib3 1.26.3" = [
    {file = "urllib3-1.26.3-py2.py3-none-any.whl", hash = "sha256:1b465e494e3e0d8939b50680403e3aedaa2bc434b7d5af64dfd3c958d7f5ae80"},
    {file = "urllib3-1.26.3.tar.gz", hash = "sha256:de3eedaad74a2683334e282005cd8d7f22f4d55fa690a2a1020a416cb0a47e73"},
]
"wcwidth 0.2.5" = [
    {file = "wcwidth-0.2.5-py2.py3-none-any.whl", hash = "sha256:beb4802a9cebb9144e99086eff703a642a13d6a0052920003a230f3294bbe784"},
    {file = "wcwidth-0.2.5.tar.gz", hash = "sha256:c4d647b99872929fdb7bdcaa4fbe7f01413ed3d98077df798530e5b04f116c83"},
]
"websocket-client 0.57.0" = [
    {file = "websocket_client-0.57.0-py2.py3-none-any.whl", hash = "sha256:0fc45c961324d79c781bab301359d5a1b00b13ad1b10415a4780229ef71a5549"},
    {file = "websocket_client-0.57.0.tar.gz", hash = "sha256:d735b91d6d1692a6a181f2a8c9e0238e5f6373356f561bb9dc4c7af36f452010"},
]
